
Microsoft Visual Studio Solution File, Format Version 12.00
# Visual Studio Version 17
VisualStudioVersion = 17.2.32516.85
MinimumVisualStudioVersion = 10.0.40219.1
Project("{FAE04EC0-301F-11D3-BF4B-00C04F79EFBC}") = "SeleniumQuizJunaid", "SeleniumQuizJunaid\SeleniumQuizJunaid.csproj", "{A19C61EC-815A-4EFF-9612-39BC27858B51}"
EndProject
Global
	GlobalSection(SolutionConfigurationPlatforms) = preSolution
		Debug|Any CPU = Debug|Any CPU
		Release|Any CPU = Release|Any CPU
	EndGlobalSection
	GlobalSection(ProjectConfigurationPlatforms) = postSolution
		{A19C61EC-815A-4EFF-9612-39BC27858B51}.Debug|Any CPU.ActiveCfg = Debug|Any CPU
		{A19C61EC-815A-4EFF-9612-39BC27858B51}.Debug|Any CPU.Build.0 = Debug|Any CPU
		{A19C61EC-815A-4EFF-9612-39BC27858B51}.Release|Any CPU.ActiveCfg = Release|Any CPU
		{A19C61EC-815A-4EFF-9612-39BC27858B51}.Release|Any CPU.Build.0 = Release|Any CPU
	EndGlobalSection
	GlobalSection(SolutionProperties) = preSolution
		HideSolutionNode = FALSE
	EndGlobalSection
	GlobalSection(ExtensibilityGlobals) = postSolution
		SolutionGuid = {44A9F08B-A6C8-471E-9415-756961B773F6}
	EndGlobalSection
EndGlobal
